
Microsoft Visual Studio Solution File, Format Version 12.00
# Visual Studio Express 2013 for Windows Desktop
VisualStudioVersion = 12.0.30723.0
MinimumVisualStudioVersion = 10.0.40219.1
Project("{8BC9CEB8-8B4A-11D0-8D11-00A0C91BC942}") = "TSS_Base", "TSS_Base\TSS_Base.vcxproj", "{82A4E3E3-C07F-442F-B0A1-056E2E007662}"
EndProject
Project("{8BC9CEB8-8B4A-11D0-8D11-00A0C91BC942}") = "TSS_TEST", "TSS_TEST\TSS_TEST.vcxproj", "{B510584B-728E-4C81-951A-A156B2FB5221}"
	ProjectSection(ProjectDependencies) = postProject
		{82A4E3E3-C07F-442F-B0A1-056E2E007662} = {82A4E3E3-C07F-442F-B0A1-056E2E007662}
	EndProjectSection
EndProject
Project("{8BC9CEB8-8B4A-11D0-8D11-00A0C91BC942}") = "EXAMPLE_TSS_CREATING_CLASSES", "EXAMPLE_TSS_CREATING_CLASSES\EXAMPLE_TSS_CREATING_CLASSES.vcxproj", "{35FF77EC-9C55-4D59-8726-9A333C69D42A}"
	ProjectSection(ProjectDependencies) = postProject
		{82A4E3E3-C07F-442F-B0A1-056E2E007662} = {82A4E3E3-C07F-442F-B0A1-056E2E007662}
	EndProjectSection
EndProject
Project("{8BC9CEB8-8B4A-11D0-8D11-00A0C91BC942}") = "EXAMPLE_TSS_GET_INFO", "EXAMPLE_TSS_GET_INFO\EXAMPLE_TSS_GET_INFO.vcxproj", "{08D45C8B-75FB-4F46-82BF-FD35422F92C3}"
EndProject
Project("{8BC9CEB8-8B4A-11D0-8D11-00A0C91BC942}") = "EXAMPLE_TSS_SETTING_DATA", "EXAMPLE_TSS_SETTING_DATA\EXAMPLE_TSS_SETTING_DATA.vcxproj", "{C51B38EA-6D10-48F7-8F89-D7FE8F6AFBA0}"
EndProject
Project("{8BC9CEB8-8B4A-11D0-8D11-00A0C91BC942}") = "EXAMPLE_WIRELESS_DATA", "EXAMPLE_WIRELESS_DATA\EXAMPLE_WIRELESS_DATA.vcxproj", "{316F8FB0-E860-4701-B605-B1E478D47A1F}"
EndProject
Project("{8BC9CEB8-8B4A-11D0-8D11-00A0C91BC942}") = "EXAMPLE_TSS_WIRELESS_STREAMING", "EXAMPLE_TSS_WIRELESS_STREAMING\EXAMPLE_TSS_WIRELESS_STREAMING.vcxproj", "{57C0DFA8-2C0E-40A4-AF4F-1B7B74C1B462}"
EndProject
Global
	GlobalSection(SolutionConfigurationPlatforms) = preSolution
		Debug|Win32 = Debug|Win32
		Release|Win32 = Release|Win32
	EndGlobalSection
	GlobalSection(ProjectConfigurationPlatforms) = postSolution
		{82A4E3E3-C07F-442F-B0A1-056E2E007662}.Debug|Win32.ActiveCfg = Debug|Win32
		{82A4E3E3-C07F-442F-B0A1-056E2E007662}.Debug|Win32.Build.0 = Debug|Win32
		{82A4E3E3-C07F-442F-B0A1-056E2E007662}.Release|Win32.ActiveCfg = Release|Win32
		{82A4E3E3-C07F-442F-B0A1-056E2E007662}.Release|Win32.Build.0 = Release|Win32
		{B510584B-728E-4C81-951A-A156B2FB5221}.Debug|Win32.ActiveCfg = Debug|Win32
		{B510584B-728E-4C81-951A-A156B2FB5221}.Debug|Win32.Build.0 = Debug|Win32
		{B510584B-728E-4C81-951A-A156B2FB5221}.Release|Win32.ActiveCfg = Release|Win32
		{B510584B-728E-4C81-951A-A156B2FB5221}.Release|Win32.Build.0 = Release|Win32
		{35FF77EC-9C55-4D59-8726-9A333C69D42A}.Debug|Win32.ActiveCfg = Debug|Win32
		{35FF77EC-9C55-4D59-8726-9A333C69D42A}.Debug|Win32.Build.0 = Debug|Win32
		{35FF77EC-9C55-4D59-8726-9A333C69D42A}.Release|Win32.ActiveCfg = Release|Win32
		{35FF77EC-9C55-4D59-8726-9A333C69D42A}.Release|Win32.Build.0 = Release|Win32
		{08D45C8B-75FB-4F46-82BF-FD35422F92C3}.Debug|Win32.ActiveCfg = Debug|Win32
		{08D45C8B-75FB-4F46-82BF-FD35422F92C3}.Debug|Win32.Build.0 = Debug|Win32
		{08D45C8B-75FB-4F46-82BF-FD35422F92C3}.Release|Win32.ActiveCfg = Release|Win32
		{08D45C8B-75FB-4F46-82BF-FD35422F92C3}.Release|Win32.Build.0 = Release|Win32
		{C51B38EA-6D10-48F7-8F89-D7FE8F6AFBA0}.Debug|Win32.ActiveCfg = Debug|Win32
		{C51B38EA-6D10-48F7-8F89-D7FE8F6AFBA0}.Debug|Win32.Build.0 = Debug|Win32
		{C51B38EA-6D10-48F7-8F89-D7FE8F6AFBA0}.Release|Win32.ActiveCfg = Release|Win32
		{C51B38EA-6D10-48F7-8F89-D7FE8F6AFBA0}.Release|Win32.Build.0 = Release|Win32
		{316F8FB0-E860-4701-B605-B1E478D47A1F}.Debug|Win32.ActiveCfg = Debug|Win32
		{316F8FB0-E860-4701-B605-B1E478D47A1F}.Debug|Win32.Build.0 = Debug|Win32
		{316F8FB0-E860-4701-B605-B1E478D47A1F}.Release|Win32.ActiveCfg = Release|Win32
		{316F8FB0-E860-4701-B605-B1E478D47A1F}.Release|Win32.Build.0 = Release|Win32
		{57C0DFA8-2C0E-40A4-AF4F-1B7B74C1B462}.Debug|Win32.ActiveCfg = Debug|Win32
		{57C0DFA8-2C0E-40A4-AF4F-1B7B74C1B462}.Debug|Win32.Build.0 = Debug|Win32
		{57C0DFA8-2C0E-40A4-AF4F-1B7B74C1B462}.Release|Win32.ActiveCfg = Release|Win32
		{57C0DFA8-2C0E-40A4-AF4F-1B7B74C1B462}.Release|Win32.Build.0 = Release|Win32
	EndGlobalSection
	GlobalSection(SolutionProperties) = preSolution
		HideSolutionNode = FALSE
	EndGlobalSection
EndGlobal
